
Microsoft Visual Studio Solution File, Format Version 12.00
Project("{FAE04EC0-301F-11D3-BF4B-00C04F79EFBC}") = "ABstractClasses", "ABstractClasses\ABstractClasses.csproj", "{D578FEEF-F77A-4717-936D-E20E3A734D0B}"
EndProject
Global
	GlobalSection(SolutionConfigurationPlatforms) = preSolution
		Debug|Any CPU = Debug|Any CPU
		Release|Any CPU = Release|Any CPU
	EndGlobalSection
	GlobalSection(ProjectConfigurationPlatforms) = postSolution
		{D578FEEF-F77A-4717-936D-E20E3A734D0B}.Debug|Any CPU.ActiveCfg = Debug|Any CPU
		{D578FEEF-F77A-4717-936D-E20E3A734D0B}.Debug|Any CPU.Build.0 = Debug|Any CPU
		{D578FEEF-F77A-4717-936D-E20E3A734D0B}.Release|Any CPU.ActiveCfg = Release|Any CPU
		{D578FEEF-F77A-4717-936D-E20E3A734D0B}.Release|Any CPU.Build.0 = Release|Any CPU
	EndGlobalSection
EndGlobal
